// !$*UTF8*$!
{
	archiveVersion = 1;
	classes = {
	};
	objectVersion = 55;
	objects = {

/* Begin PBXBuildFile section */
		341EC52C28BE97FC0095396F /* AppDelegate.swift in Sources */ = {isa = PBXBuildFile; fileRef = 341EC52B28BE97FC0095396F /* AppDelegate.swift */; };
		341EC52E28BE97FC0095396F /* SceneDelegate.swift in Sources */ = {isa = PBXBuildFile; fileRef = 341EC52D28BE97FC0095396F /* SceneDelegate.swift */; };
		341EC53028BE97FC0095396F /* MainViewController.swift in Sources */ = {isa = PBXBuildFile; fileRef = 341EC52F28BE97FC0095396F /* MainViewController.swift */; };
		341EC53628BE97FC0095396F /* Expify.xcdatamodeld in Sources */ = {isa = PBXBuildFile; fileRef = 341EC53428BE97FC0095396F /* Expify.xcdatamodeld */; };
		341EC53828BE97FF0095396F /* Assets.xcassets in Resources */ = {isa = PBXBuildFile; fileRef = 341EC53728BE97FF0095396F /* Assets.xcassets */; };
		341EC53B28BE97FF0095396F /* LaunchScreen.storyboard in Resources */ = {isa = PBXBuildFile; fileRef = 341EC53928BE97FF0095396F /* LaunchScreen.storyboard */; };
		341EC54428BEA2660095396F /* MainCoordinator.swift in Sources */ = {isa = PBXBuildFile; fileRef = 341EC54328BEA2660095396F /* MainCoordinator.swift */; };
		341EC54828BEA2F10095396F /* MainViewModel.swift in Sources */ = {isa = PBXBuildFile; fileRef = 341EC54728BEA2F10095396F /* MainViewModel.swift */; };
		344872E228C38A53003C095B /* CoreDataManager.swift in Sources */ = {isa = PBXBuildFile; fileRef = 344872E128C38A53003C095B /* CoreDataManager.swift */; };
		344872E528C38C4B003C095B /* CloudKitRepository.swift in Sources */ = {isa = PBXBuildFile; fileRef = 344872E428C38C4B003C095B /* CloudKitRepository.swift */; };
		344872E728C395AF003C095B /* CloudKitManager.swift in Sources */ = {isa = PBXBuildFile; fileRef = 344872E628C395AF003C095B /* CloudKitManager.swift */; };
		344872EA28C39728003C095B /* CloudKit.framework in Frameworks */ = {isa = PBXBuildFile; fileRef = 344872E928C39728003C095B /* CloudKit.framework */; };
		DEC610157B80155CE75D6ED6 /* Pods_Expify.framework in Frameworks */ = {isa = PBXBuildFile; fileRef = D0739A14C1B9CA8435EBE6D4 /* Pods_Expify.framework */; };
/* End PBXBuildFile section */

/* Begin PBXFileReference section */
		341EC52828BE97FC0095396F /* Expify.app */ = {isa = PBXFileReference; explicitFileType = wrapper.application; includeInIndex = 0; path = Expify.app; sourceTree = BUILT_PRODUCTS_DIR; };
		341EC52B28BE97FC0095396F /* AppDelegate.swift */ = {isa = PBXFileReference; lastKnownFileType = sourcecode.swift; path = AppDelegate.swift; sourceTree = "<group>"; };
		341EC52D28BE97FC0095396F /* SceneDelegate.swift */ = {isa = PBXFileReference; lastKnownFileType = sourcecode.swift; path = SceneDelegate.swift; sourceTree = "<group>"; };
		341EC52F28BE97FC0095396F /* MainViewController.swift */ = {isa = PBXFileReference; lastKnownFileType = sourcecode.swift; path = MainViewController.swift; sourceTree = "<group>"; };
		341EC53528BE97FC0095396F /* Expify.xcdatamodel */ = {isa = PBXFileReference; lastKnownFileType = wrapper.xcdatamodel; path = Expify.xcdatamodel; sourceTree = "<group>"; };
		341EC53728BE97FF0095396F /* Assets.xcassets */ = {isa = PBXFileReference; lastKnownFileType = folder.assetcatalog; path = Assets.xcassets; sourceTree = "<group>"; };
		341EC53A28BE97FF0095396F /* Base */ = {isa = PBXFileReference; lastKnownFileType = file.storyboard; name = Base; path = Base.lproj/LaunchScreen.storyboard; sourceTree = "<group>"; };
		341EC53C28BE97FF0095396F /* Info.plist */ = {isa = PBXFileReference; lastKnownFileType = text.plist.xml; path = Info.plist; sourceTree = "<group>"; };
		341EC54328BEA2660095396F /* MainCoordinator.swift */ = {isa = PBXFileReference; lastKnownFileType = sourcecode.swift; path = MainCoordinator.swift; sourceTree = "<group>"; };
		341EC54728BEA2F10095396F /* MainViewModel.swift */ = {isa = PBXFileReference; lastKnownFileType = sourcecode.swift; path = MainViewModel.swift; sourceTree = "<group>"; };
		344872E128C38A53003C095B /* CoreDataManager.swift */ = {isa = PBXFileReference; lastKnownFileType = sourcecode.swift; path = CoreDataManager.swift; sourceTree = "<group>"; };
		344872E428C38C4B003C095B /* CloudKitRepository.swift */ = {isa = PBXFileReference; lastKnownFileType = sourcecode.swift; path = CloudKitRepository.swift; sourceTree = "<group>"; };
		344872E628C395AF003C095B /* CloudKitManager.swift */ = {isa = PBXFileReference; lastKnownFileType = sourcecode.swift; path = CloudKitManager.swift; sourceTree = "<group>"; };
		344872E828C3968F003C095B /* Expify.entitlements */ = {isa = PBXFileReference; lastKnownFileType = text.plist.entitlements; path = Expify.entitlements; sourceTree = "<group>"; };
		344872E928C39728003C095B /* CloudKit.framework */ = {isa = PBXFileReference; lastKnownFileType = wrapper.framework; name = CloudKit.framework; path = System/Library/Frameworks/CloudKit.framework; sourceTree = SDKROOT; };
		A4C02683B4D71F603999638C /* Pods-Expify.release.xcconfig */ = {isa = PBXFileReference; includeInIndex = 1; lastKnownFileType = text.xcconfig; name = "Pods-Expify.release.xcconfig"; path = "Target Support Files/Pods-Expify/Pods-Expify.release.xcconfig"; sourceTree = "<group>"; };
		D0739A14C1B9CA8435EBE6D4 /* Pods_Expify.framework */ = {isa = PBXFileReference; explicitFileType = wrapper.framework; includeInIndex = 0; path = Pods_Expify.framework; sourceTree = BUILT_PRODUCTS_DIR; };
		FFEB6696B58EDBE912676EA2 /* Pods-Expify.debug.xcconfig */ = {isa = PBXFileReference; includeInIndex = 1; lastKnownFileType = text.xcconfig; name = "Pods-Expify.debug.xcconfig"; path = "Target Support Files/Pods-Expify/Pods-Expify.debug.xcconfig"; sourceTree = "<group>"; };
/* End PBXFileReference section */

/* Begin PBXFrameworksBuildPhase section */
		341EC52528BE97FC0095396F /* Frameworks */ = {
			isa = PBXFrameworksBuildPhase;
			buildActionMask = 2147483647;
			files = (
				DEC610157B80155CE75D6ED6 /* Pods_Expify.framework in Frameworks */,
				344872EA28C39728003C095B /* CloudKit.framework in Frameworks */,
			);
			runOnlyForDeploymentPostprocessing = 0;
		};
/* End PBXFrameworksBuildPhase section */

/* Begin PBXGroup section */
		2521754C5745958075CA5904 /* Pods */ = {
			isa = PBXGroup;
			children = (
				FFEB6696B58EDBE912676EA2 /* Pods-Expify.debug.xcconfig */,
				A4C02683B4D71F603999638C /* Pods-Expify.release.xcconfig */,
			);
			path = Pods;
			sourceTree = "<group>";
		};
		341EC51F28BE97FC0095396F = {
			isa = PBXGroup;
			children = (
				341EC52A28BE97FC0095396F /* Expify */,
				341EC52928BE97FC0095396F /* Products */,
				2521754C5745958075CA5904 /* Pods */,
				9288B7BD2D2B9EF575D47CC2 /* Frameworks */,
			);
			sourceTree = "<group>";
		};
		341EC52928BE97FC0095396F /* Products */ = {
			isa = PBXGroup;
			children = (
				341EC52828BE97FC0095396F /* Expify.app */,
			);
			name = Products;
			sourceTree = "<group>";
		};
		341EC52A28BE97FC0095396F /* Expify */ = {
			isa = PBXGroup;
			children = (
				344872E828C3968F003C095B /* Expify.entitlements */,
				344872E328C38C27003C095B /* Repositories */,
				341EC54228BEA2570095396F /* Coordinators */,
				344872E028C38A3E003C095B /* Managers */,
				341EC54528BEA2C90095396F /* Flow */,
				341EC52B28BE97FC0095396F /* AppDelegate.swift */,
				341EC52D28BE97FC0095396F /* SceneDelegate.swift */,
				341EC53728BE97FF0095396F /* Assets.xcassets */,
				341EC53928BE97FF0095396F /* LaunchScreen.storyboard */,
				341EC53C28BE97FF0095396F /* Info.plist */,
				341EC53428BE97FC0095396F /* Expify.xcdatamodeld */,
			);
			path = Expify;
			sourceTree = "<group>";
		};
		341EC54228BEA2570095396F /* Coordinators */ = {
			isa = PBXGroup;
			children = (
				341EC54328BEA2660095396F /* MainCoordinator.swift */,
			);
			path = Coordinators;
			sourceTree = "<group>";
		};
		341EC54528BEA2C90095396F /* Flow */ = {
			isa = PBXGroup;
			children = (
				341EC54628BEA2E30095396F /* Main */,
			);
			path = Flow;
			sourceTree = "<group>";
		};
		341EC54628BEA2E30095396F /* Main */ = {
			isa = PBXGroup;
			children = (
				341EC52F28BE97FC0095396F /* MainViewController.swift */,
				341EC54728BEA2F10095396F /* MainViewModel.swift */,
			);
			path = Main;
			sourceTree = "<group>";
		};
		344872E028C38A3E003C095B /* Managers */ = {
			isa = PBXGroup;
			children = (
				344872E128C38A53003C095B /* CoreDataManager.swift */,
				344872E628C395AF003C095B /* CloudKitManager.swift */,
			);
			path = Managers;
			sourceTree = "<group>";
		};
		344872E328C38C27003C095B /* Repositories */ = {
			isa = PBXGroup;
			children = (
				344872E428C38C4B003C095B /* CloudKitRepository.swift */,
			);
			path = Repositories;
			sourceTree = "<group>";
		};
		9288B7BD2D2B9EF575D47CC2 /* Frameworks */ = {
			isa = PBXGroup;
			children = (
				344872E928C39728003C095B /* CloudKit.framework */,
				D0739A14C1B9CA8435EBE6D4 /* Pods_Expify.framework */,
			);
			name = Frameworks;
			sourceTree = "<group>";
		};
/* End PBXGroup section */

/* Begin PBXNativeTarget section */
		341EC52728BE97FC0095396F /* Expify */ = {
			isa = PBXNativeTarget;
			buildConfigurationList = 341EC53F28BE97FF0095396F /* Build configuration list for PBXNativeTarget "Expify" */;
			buildPhases = (
				676E1A79532308352960D9CF /* [CP] Check Pods Manifest.lock */,
				341EC52428BE97FC0095396F /* Sources */,
				341EC52528BE97FC0095396F /* Frameworks */,
				341EC52628BE97FC0095396F /* Resources */,
				16EB6444BD9EF0605770CDC5 /* [CP] Embed Pods Frameworks */,
			);
			buildRules = (
			);
			dependencies = (
			);
			name = Expify;
			productName = Expify;
			productReference = 341EC52828BE97FC0095396F /* Expify.app */;
			productType = "com.apple.product-type.application";
		};
/* End PBXNativeTarget section */

/* Begin PBXProject section */
		341EC52028BE97FC0095396F /* Project object */ = {
			isa = PBXProject;
			attributes = {
				BuildIndependentTargetsInParallel = 1;
				LastSwiftUpdateCheck = 1340;
				LastUpgradeCheck = 1340;
				TargetAttributes = {
					341EC52728BE97FC0095396F = {
						CreatedOnToolsVersion = 13.4.1;
					};
				};
			};
			buildConfigurationList = 341EC52328BE97FC0095396F /* Build configuration list for PBXProject "Expify" */;
			compatibilityVersion = "Xcode 13.0";
			developmentRegion = en;
			hasScannedForEncodings = 0;
			knownRegions = (
				en,
				Base,
			);
			mainGroup = 341EC51F28BE97FC0095396F;
			productRefGroup = 341EC52928BE97FC0095396F /* Products */;
			projectDirPath = "";
			projectRoot = "";
			targets = (
				341EC52728BE97FC0095396F /* Expify */,
			);
		};
/* End PBXProject section */

/* Begin PBXResourcesBuildPhase section */
		341EC52628BE97FC0095396F /* Resources */ = {
			isa = PBXResourcesBuildPhase;
			buildActionMask = 2147483647;
			files = (
				341EC53B28BE97FF0095396F /* LaunchScreen.storyboard in Resources */,
				341EC53828BE97FF0095396F /* Assets.xcassets in Resources */,
			);
			runOnlyForDeploymentPostprocessing = 0;
		};
/* End PBXResourcesBuildPhase section */

/* Begin PBXShellScriptBuildPhase section */
		16EB6444BD9EF0605770CDC5 /* [CP] Embed Pods Frameworks */ = {
			isa = PBXShellScriptBuildPhase;
			buildActionMask = 2147483647;
			files = (
			);
			inputFileListPaths = (
				"${PODS_ROOT}/Target Support Files/Pods-Expify/Pods-Expify-frameworks-${CONFIGURATION}-input-files.xcfilelist",
			);
			name = "[CP] Embed Pods Frameworks";
			outputFileListPaths = (
				"${PODS_ROOT}/Target Support Files/Pods-Expify/Pods-Expify-frameworks-${CONFIGURATION}-output-files.xcfilelist",
			);
			runOnlyForDeploymentPostprocessing = 0;
			shellPath = /bin/sh;
			shellScript = "\"${PODS_ROOT}/Target Support Files/Pods-Expify/Pods-Expify-frameworks.sh\"\n";
			showEnvVarsInLog = 0;
		};
		676E1A79532308352960D9CF /* [CP] Check Pods Manifest.lock */ = {
			isa = PBXShellScriptBuildPhase;
			buildActionMask = 2147483647;
			files = (
			);
			inputFileListPaths = (
			);
			inputPaths = (
				"${PODS_PODFILE_DIR_PATH}/Podfile.lock",
				"${PODS_ROOT}/Manifest.lock",
			);
			name = "[CP] Check Pods Manifest.lock";
			outputFileListPaths = (
			);
			outputPaths = (
				"$(DERIVED_FILE_DIR)/Pods-Expify-checkManifestLockResult.txt",
			);
			runOnlyForDeploymentPostprocessing = 0;
			shellPath = /bin/sh;
			shellScript = "diff \"${PODS_PODFILE_DIR_PATH}/Podfile.lock\" \"${PODS_ROOT}/Manifest.lock\" > /dev/null\nif [ $? != 0 ] ; then\n    # print error to STDERR\n    echo \"error: The sandbox is not in sync with the Podfile.lock. Run 'pod install' or update your CocoaPods installation.\" >&2\n    exit 1\nfi\n# This output is used by Xcode 'outputs' to avoid re-running this script phase.\necho \"SUCCESS\" > \"${SCRIPT_OUTPUT_FILE_0}\"\n";
			showEnvVarsInLog = 0;
		};
/* End PBXShellScriptBuildPhase section */

/* Begin PBXSourcesBuildPhase section */
		341EC52428BE97FC0095396F /* Sources */ = {
			isa = PBXSourcesBuildPhase;
			buildActionMask = 2147483647;
			files = (
				341EC53628BE97FC0095396F /* Expify.xcdatamodeld in Sources */,
				341EC53028BE97FC0095396F /* MainViewController.swift in Sources */,
				344872E528C38C4B003C095B /* CloudKitRepository.swift in Sources */,
				341EC52C28BE97FC0095396F /* AppDelegate.swift in Sources */,
				341EC54428BEA2660095396F /* MainCoordinator.swift in Sources */,
				341EC52E28BE97FC0095396F /* SceneDelegate.swift in Sources */,
				344872E228C38A53003C095B /* CoreDataManager.swift in Sources */,
				341EC54828BEA2F10095396F /* MainViewModel.swift in Sources */,
				344872E728C395AF003C095B /* CloudKitManager.swift in Sources */,
			);
			runOnlyForDeploymentPostprocessing = 0;
		};
/* End PBXSourcesBuildPhase section */

/* Begin PBXVariantGroup section */
		341EC53928BE97FF0095396F /* LaunchScreen.storyboard */ = {
			isa = PBXVariantGroup;
			children = (
				341EC53A28BE97FF0095396F /* Base */,
			);
			name = LaunchScreen.storyboard;
			sourceTree = "<group>";
		};
/* End PBXVariantGroup section */

/* Begin XCBuildConfiguration section */
		341EC53D28BE97FF0095396F /* Debug */ = {
			isa = XCBuildConfiguration;
			buildSettings = {
				ALWAYS_SEARCH_USER_PATHS = NO;
				CLANG_ANALYZER_NONNULL = YES;
				CLANG_ANALYZER_NUMBER_OBJECT_CONVERSION = YES_AGGRESSIVE;
				CLANG_CXX_LANGUAGE_STANDARD = "gnu++17";
				CLANG_ENABLE_MODULES = YES;
				CLANG_ENABLE_OBJC_ARC = YES;
				CLANG_ENABLE_OBJC_WEAK = YES;
				CLANG_WARN_BLOCK_CAPTURE_AUTORELEASING = YES;
				CLANG_WARN_BOOL_CONVERSION = YES;
				CLANG_WARN_COMMA = YES;
				CLANG_WARN_CONSTANT_CONVERSION = YES;
				CLANG_WARN_DEPRECATED_OBJC_IMPLEMENTATIONS = YES;
				CLANG_WARN_DIRECT_OBJC_ISA_USAGE = YES_ERROR;
				CLANG_WARN_DOCUMENTATION_COMMENTS = YES;
				CLANG_WARN_EMPTY_BODY = YES;
				CLANG_WARN_ENUM_CONVERSION = YES;
				CLANG_WARN_INFINITE_RECURSION = YES;
				CLANG_WARN_INT_CONVERSION = YES;
				CLANG_WARN_NON_LITERAL_NULL_CONVERSION = YES;
				CLANG_WARN_OBJC_IMPLICIT_RETAIN_SELF = YES;
				CLANG_WARN_OBJC_LITERAL_CONVERSION = YES;
				CLANG_WARN_OBJC_ROOT_CLASS = YES_ERROR;
				CLANG_WARN_QUOTED_INCLUDE_IN_FRAMEWORK_HEADER = YES;
				CLANG_WARN_RANGE_LOOP_ANALYSIS = YES;
				CLANG_WARN_STRICT_PROTOTYPES = YES;
				CLANG_WARN_SUSPICIOUS_MOVE = YES;
				CLANG_WARN_UNGUARDED_AVAILABILITY = YES_AGGRESSIVE;
				CLANG_WARN_UNREACHABLE_CODE = YES;
				CLANG_WARN__DUPLICATE_METHOD_MATCH = YES;
				COPY_PHASE_STRIP = NO;
				DEBUG_INFORMATION_FORMAT = dwarf;
				ENABLE_STRICT_OBJC_MSGSEND = YES;
				ENABLE_TESTABILITY = YES;
				GCC_C_LANGUAGE_STANDARD = gnu11;
				GCC_DYNAMIC_NO_PIC = NO;
				GCC_NO_COMMON_BLOCKS = YES;
				GCC_OPTIMIZATION_LEVEL = 0;
				GCC_PREPROCESSOR_DEFINITIONS = (
					"DEBUG=1",
					"$(inherited)",
				);
				GCC_WARN_64_TO_32_BIT_CONVERSION = YES;
				GCC_WARN_ABOUT_RETURN_TYPE = YES_ERROR;
				GCC_WARN_UNDECLARED_SELECTOR = YES;
				GCC_WARN_UNINITIALIZED_AUTOS = YES_AGGRESSIVE;
				GCC_WARN_UNUSED_FUNCTION = YES;
				GCC_WARN_UNUSED_VARIABLE = YES;
				IPHONEOS_DEPLOYMENT_TARGET = 15.5;
				MTL_ENABLE_DEBUG_INFO = INCLUDE_SOURCE;
				MTL_FAST_MATH = YES;
				ONLY_ACTIVE_ARCH = YES;
				SDKROOT = iphoneos;
				SWIFT_ACTIVE_COMPILATION_CONDITIONS = DEBUG;
				SWIFT_OPTIMIZATION_LEVEL = "-Onone";
			};
			name = Debug;
		};
		341EC53E28BE97FF0095396F /* Release */ = {
			isa = XCBuildConfiguration;
			buildSettings = {
				ALWAYS_SEARCH_USER_PATHS = NO;
				CLANG_ANALYZER_NONNULL = YES;
				CLANG_ANALYZER_NUMBER_OBJECT_CONVERSION = YES_AGGRESSIVE;
				CLANG_CXX_LANGUAGE_STANDARD = "gnu++17";
				CLANG_ENABLE_MODULES = YES;
				CLANG_ENABLE_OBJC_ARC = YES;
				CLANG_ENABLE_OBJC_WEAK = YES;
				CLANG_WARN_BLOCK_CAPTURE_AUTORELEASING = YES;
				CLANG_WARN_BOOL_CONVERSION = YES;
				CLANG_WARN_COMMA = YES;
				CLANG_WARN_CONSTANT_CONVERSION = YES;
				CLANG_WARN_DEPRECATED_OBJC_IMPLEMENTATIONS = YES;
				CLANG_WARN_DIRECT_OBJC_ISA_USAGE = YES_ERROR;
				CLANG_WARN_DOCUMENTATION_COMMENTS = YES;
				CLANG_WARN_EMPTY_BODY = YES;
				CLANG_WARN_ENUM_CONVERSION = YES;
				CLANG_WARN_INFINITE_RECURSION = YES;
				CLANG_WARN_INT_CONVERSION = YES;
				CLANG_WARN_NON_LITERAL_NULL_CONVERSION = YES;
				CLANG_WARN_OBJC_IMPLICIT_RETAIN_SELF = YES;
				CLANG_WARN_OBJC_LITERAL_CONVERSION = YES;
				CLANG_WARN_OBJC_ROOT_CLASS = YES_ERROR;
				CLANG_WARN_QUOTED_INCLUDE_IN_FRAMEWORK_HEADER = YES;
				CLANG_WARN_RANGE_LOOP_ANALYSIS = YES;
				CLANG_WARN_STRICT_PROTOTYPES = YES;
				CLANG_WARN_SUSPICIOUS_MOVE = YES;
				CLANG_WARN_UNGUARDED_AVAILABILITY = YES_AGGRESSIVE;
				CLANG_WARN_UNREACHABLE_CODE = YES;
				CLANG_WARN__DUPLICATE_METHOD_MATCH = YES;
				COPY_PHASE_STRIP = NO;
				DEBUG_INFORMATION_FORMAT = "dwarf-with-dsym";
				ENABLE_NS_ASSERTIONS = NO;
				ENABLE_STRICT_OBJC_MSGSEND = YES;
				GCC_C_LANGUAGE_STANDARD = gnu11;
				GCC_NO_COMMON_BLOCKS = YES;
				GCC_WARN_64_TO_32_BIT_CONVERSION = YES;
				GCC_WARN_ABOUT_RETURN_TYPE = YES_ERROR;
				GCC_WARN_UNDECLARED_SELECTOR = YES;
				GCC_WARN_UNINITIALIZED_AUTOS = YES_AGGRESSIVE;
				GCC_WARN_UNUSED_FUNCTION = YES;
				GCC_WARN_UNUSED_VARIABLE = YES;
				IPHONEOS_DEPLOYMENT_TARGET = 15.5;
				MTL_ENABLE_DEBUG_INFO = NO;
				MTL_FAST_MATH = YES;
				SDKROOT = iphoneos;
				SWIFT_COMPILATION_MODE = wholemodule;
				SWIFT_OPTIMIZATION_LEVEL = "-O";
				VALIDATE_PRODUCT = YES;
			};
			name = Release;
		};
		341EC54028BE97FF0095396F /* Debug */ = {
			isa = XCBuildConfiguration;
			baseConfigurationReference = FFEB6696B58EDBE912676EA2 /* Pods-Expify.debug.xcconfig */;
			buildSettings = {
				ASSETCATALOG_COMPILER_APPICON_NAME = AppIcon;
				ASSETCATALOG_COMPILER_GLOBAL_ACCENT_COLOR_NAME = AccentColor;
				CODE_SIGN_ENTITLEMENTS = Expify/Expify.entitlements;
				CODE_SIGN_STYLE = Automatic;
				CURRENT_PROJECT_VERSION = 1;
				DEVELOPMENT_TEAM = Q4KWB3FWZV;
				GENERATE_INFOPLIST_FILE = YES;
				INFOPLIST_FILE = Expify/Info.plist;
				INFOPLIST_KEY_CFBundleDisplayName = Expify;
				INFOPLIST_KEY_UIApplicationSupportsIndirectInputEvents = YES;
				INFOPLIST_KEY_UILaunchStoryboardName = LaunchScreen;
				INFOPLIST_KEY_UIMainStoryboardFile = Main;
				INFOPLIST_KEY_UISupportedInterfaceOrientations = UIInterfaceOrientationPortrait;
				INFOPLIST_KEY_UISupportedInterfaceOrientations_iPad = "UIInterfaceOrientationPortrait UIInterfaceOrientationPortraitUpsideDown UIInterfaceOrientationLandscapeLeft UIInterfaceOrientationLandscapeRight";
				INFOPLIST_KEY_UISupportedInterfaceOrientations_iPhone = "UIInterfaceOrientationPortrait UIInterfaceOrientationLandscapeLeft UIInterfaceOrientationLandscapeRight";
				LD_RUNPATH_SEARCH_PATHS = (
					"$(inherited)",
					"@executable_path/Frameworks",
				);
				MARKETING_VERSION = 1.0;
				PRODUCT_BUNDLE_IDENTIFIER = com.alex173.Expify;
				PRODUCT_NAME = "$(TARGET_NAME)";
				SWIFT_EMIT_LOC_STRINGS = YES;
				SWIFT_VERSION = 5.0;
				TARGETED_DEVICE_FAMILY = 1;
			};
			name = Debug;
		};
		341EC54128BE97FF0095396F /* Release */ = {
			isa = XCBuildConfiguration;
			baseConfigurationReference = A4C02683B4D71F603999638C /* Pods-Expify.release.xcconfig */;
			buildSettings = {
				ASSETCATALOG_COMPILER_APPICON_NAME = AppIcon;
				ASSETCATALOG_COMPILER_GLOBAL_ACCENT_COLOR_NAME = AccentColor;
				CODE_SIGN_ENTITLEMENTS = Expify/Expify.entitlements;
				CODE_SIGN_STYLE = Automatic;
				CURRENT_PROJECT_VERSION = 1;
				DEVELOPMENT_TEAM = Q4KWB3FWZV;
				GENERATE_INFOPLIST_FILE = YES;
				INFOPLIST_FILE = Expify/Info.plist;
				INFOPLIST_KEY_CFBundleDisplayName = Expify;
				INFOPLIST_KEY_UIApplicationSupportsIndirectInputEvents = YES;
				INFOPLIST_KEY_UILaunchStoryboardName = LaunchScreen;
				INFOPLIST_KEY_UIMainStoryboardFile = Main;
				INFOPLIST_KEY_UISupportedInterfaceOrientations = UIInterfaceOrientationPortrait;
				INFOPLIST_KEY_UISupportedInterfaceOrientations_iPad = "UIInterfaceOrientationPortrait UIInterfaceOrientationPortraitUpsideDown UIInterfaceOrientationLandscapeLeft UIInterfaceOrientationLandscapeRight";
				INFOPLIST_KEY_UISupportedInterfaceOrientations_iPhone = "UIInterfaceOrientationPortrait UIInterfaceOrientationLandscapeLeft UIInterfaceOrientationLandscapeRight";
				LD_RUNPATH_SEARCH_PATHS = (
					"$(inherited)",
					"@executable_path/Frameworks",
				);
				MARKETING_VERSION = 1.0;
				PRODUCT_BUNDLE_IDENTIFIER = com.alex173.Expify;
				PRODUCT_NAME = "$(TARGET_NAME)";
				SWIFT_EMIT_LOC_STRINGS = YES;
				SWIFT_VERSION = 5.0;
				TARGETED_DEVICE_FAMILY = 1;
			};
			name = Release;
		};
/* End XCBuildConfiguration section */

/* Begin XCConfigurationList section */
		341EC52328BE97FC0095396F /* Build configuration list for PBXProject "Expify" */ = {
			isa = XCConfigurationList;
			buildConfigurations = (
				341EC53D28BE97FF0095396F /* Debug */,
				341EC53E28BE97FF0095396F /* Release */,
			);
			defaultConfigurationIsVisible = 0;
			defaultConfigurationName = Release;
		};
		341EC53F28BE97FF0095396F /* Build configuration list for PBXNativeTarget "Expify" */ = {
			isa = XCConfigurationList;
			buildConfigurations = (
				341EC54028BE97FF0095396F /* Debug */,
				341EC54128BE97FF0095396F /* Release */,
			);
			defaultConfigurationIsVisible = 0;
			defaultConfigurationName = Release;
		};
/* End XCConfigurationList section */

/* Begin XCVersionGroup section */
		341EC53428BE97FC0095396F /* Expify.xcdatamodeld */ = {
			isa = XCVersionGroup;
			children = (
				341EC53528BE97FC0095396F /* Expify.xcdatamodel */,
			);
			currentVersion = 341EC53528BE97FC0095396F /* Expify.xcdatamodel */;
			path = Expify.xcdatamodeld;
			sourceTree = "<group>";
			versionGroupType = wrapper.xcdatamodel;
		};
/* End XCVersionGroup section */
	};
	rootObject = 341EC52028BE97FC0095396F /* Project object */;
}
